
Microsoft Visual Studio Solution File, Format Version 11.00
# Visual Studio 2010
Project("{FAE04EC0-301F-11D3-BF4B-00C04F79EFBC}") = "NavMeshComponents", "NavMeshComponents.csproj", "{5D1E8ED5-5A3D-FCC2-19A7-6485147A0D37}"
EndProject
Project("{FAE04EC0-301F-11D3-BF4B-00C04F79EFBC}") = "Assembly-CSharp", "Assembly-CSharp.csproj", "{560763B8-6A99-C219-F1E7-42496CD371D7}"
EndProject
Project("{FAE04EC0-301F-11D3-BF4B-00C04F79EFBC}") = "NavMeshComponentsEditor", "NavMeshComponentsEditor.csproj", "{B0B479F0-F85D-9C75-C197-68E755C3D30E}"
EndProject
Global
	GlobalSection(SolutionConfigurationPlatforms) = preSolution
		Debug|Any CPU = Debug|Any CPU
		Release|Any CPU = Release|Any CPU
	EndGlobalSection
	GlobalSection(ProjectConfigurationPlatforms) = postSolution
		{5D1E8ED5-5A3D-FCC2-19A7-6485147A0D37}.Debug|Any CPU.ActiveCfg = Debug|Any CPU
		{5D1E8ED5-5A3D-FCC2-19A7-6485147A0D37}.Debug|Any CPU.Build.0 = Debug|Any CPU
		{5D1E8ED5-5A3D-FCC2-19A7-6485147A0D37}.Release|Any CPU.ActiveCfg = Release|Any CPU
		{5D1E8ED5-5A3D-FCC2-19A7-6485147A0D37}.Release|Any CPU.Build.0 = Release|Any CPU
		{560763B8-6A99-C219-F1E7-42496CD371D7}.Debug|Any CPU.ActiveCfg = Debug|Any CPU
		{560763B8-6A99-C219-F1E7-42496CD371D7}.Debug|Any CPU.Build.0 = Debug|Any CPU
		{560763B8-6A99-C219-F1E7-42496CD371D7}.Release|Any CPU.ActiveCfg = Release|Any CPU
		{560763B8-6A99-C219-F1E7-42496CD371D7}.Release|Any CPU.Build.0 = Release|Any CPU
		{B0B479F0-F85D-9C75-C197-68E755C3D30E}.Debug|Any CPU.ActiveCfg = Debug|Any CPU
		{B0B479F0-F85D-9C75-C197-68E755C3D30E}.Debug|Any CPU.Build.0 = Debug|Any CPU
		{B0B479F0-F85D-9C75-C197-68E755C3D30E}.Release|Any CPU.ActiveCfg = Release|Any CPU
		{B0B479F0-F85D-9C75-C197-68E755C3D30E}.Release|Any CPU.Build.0 = Release|Any CPU
	EndGlobalSection
	GlobalSection(SolutionProperties) = preSolution
		HideSolutionNode = FALSE
	EndGlobalSection
EndGlobal
